// !$*UTF8*$!
{
	archiveVersion = 1;
	classes = {
	};
	objectVersion = 50;
	objects = {

/* Begin PBXBuildFile section */
		2267BDDE25E62D2500C654E5 /* Move.swift in Sources */ = {isa = PBXBuildFile; fileRef = 2267BDDD25E62D2500C654E5 /* Move.swift */; };
		2267BDF125E75CF700C654E5 /* Times.swift in Sources */ = {isa = PBXBuildFile; fileRef = 2267BDF025E75CF700C654E5 /* Times.swift */; };
		22DB4DFC25D46491001C632C /* TwoRooksApp.swift in Sources */ = {isa = PBXBuildFile; fileRef = 22DB4DFB25D46491001C632C /* TwoRooksApp.swift */; };
		22DB4E0025D46492001C632C /* Assets.xcassets in Resources */ = {isa = PBXBuildFile; fileRef = 22DB4DFF25D46492001C632C /* Assets.xcassets */; };
		22DB4E0325D46492001C632C /* Preview Assets.xcassets in Resources */ = {isa = PBXBuildFile; fileRef = 22DB4E0225D46492001C632C /* Preview Assets.xcassets */; };
		22DB4E0E25D46492001C632C /* TwoRooksTests.swift in Sources */ = {isa = PBXBuildFile; fileRef = 22DB4E0D25D46492001C632C /* TwoRooksTests.swift */; };
		22DB4E1925D46492001C632C /* TwoRooksUITests.swift in Sources */ = {isa = PBXBuildFile; fileRef = 22DB4E1825D46492001C632C /* TwoRooksUITests.swift */; };
		22DB4E2B25D4A6D9001C632C /* GameKit.framework in Frameworks */ = {isa = PBXBuildFile; fileRef = 22DB4E2A25D4A6D9001C632C /* GameKit.framework */; };
		22DB4E3025D4A867001C632C /* GamesView.swift in Sources */ = {isa = PBXBuildFile; fileRef = 22DB4E2F25D4A867001C632C /* GamesView.swift */; };
		22DB4E3825D4A893001C632C /* GameView.swift in Sources */ = {isa = PBXBuildFile; fileRef = 22DB4E3725D4A893001C632C /* GameView.swift */; };
		22DB4E4525D4A8DD001C632C /* GameScene.swift in Sources */ = {isa = PBXBuildFile; fileRef = 22DB4E4425D4A8DD001C632C /* GameScene.swift */; };
		22DB4E5825D4D639001C632C /* Board.swift in Sources */ = {isa = PBXBuildFile; fileRef = 22DB4E5725D4D639001C632C /* Board.swift */; };
		22FB402D25D772810034558B /* Piece.swift in Sources */ = {isa = PBXBuildFile; fileRef = 22FB402C25D772810034558B /* Piece.swift */; };
		22FB403825D8FA7A0034558B /* Square.swift in Sources */ = {isa = PBXBuildFile; fileRef = 22FB403725D8FA7A0034558B /* Square.swift */; };
		22FB404525DDF90B0034558B /* PieceNode.swift in Sources */ = {isa = PBXBuildFile; fileRef = 22FB404425DDF90B0034558B /* PieceNode.swift */; };
		22FB404A25DDF91C0034558B /* SquareNode.swift in Sources */ = {isa = PBXBuildFile; fileRef = 22FB404925DDF91C0034558B /* SquareNode.swift */; };
		22FB404F25DDF9280034558B /* BoardNode.swift in Sources */ = {isa = PBXBuildFile; fileRef = 22FB404E25DDF9280034558B /* BoardNode.swift */; };
		22FB406A25E027E20034558B /* ImageNode.swift in Sources */ = {isa = PBXBuildFile; fileRef = 22FB406925E027E20034558B /* ImageNode.swift */; };
		22FB407725E2DE170034558B /* Theme.swift in Sources */ = {isa = PBXBuildFile; fileRef = 22FB407625E2DE170034558B /* Theme.swift */; };
		22FB407C25E3300D0034558B /* DataManager.swift in Sources */ = {isa = PBXBuildFile; fileRef = 22FB407B25E3300D0034558B /* DataManager.swift */; };
		22FB408125E337A70034558B /* SettingsView.swift in Sources */ = {isa = PBXBuildFile; fileRef = 22FB408025E337A70034558B /* SettingsView.swift */; };
/* End PBXBuildFile section */

/* Begin PBXContainerItemProxy section */
		22DB4E0A25D46492001C632C /* PBXContainerItemProxy */ = {
			isa = PBXContainerItemProxy;
			containerPortal = 22DB4DF025D46491001C632C /* Project object */;
			proxyType = 1;
			remoteGlobalIDString = 22DB4DF725D46491001C632C;
			remoteInfo = TwoRooks;
		};
		22DB4E1525D46492001C632C /* PBXContainerItemProxy */ = {
			isa = PBXContainerItemProxy;
			containerPortal = 22DB4DF025D46491001C632C /* Project object */;
			proxyType = 1;
			remoteGlobalIDString = 22DB4DF725D46491001C632C;
			remoteInfo = TwoRooks;
		};
/* End PBXContainerItemProxy section */

/* Begin PBXFileReference section */
		2267BDDD25E62D2500C654E5 /* Move.swift */ = {isa = PBXFileReference; lastKnownFileType = sourcecode.swift; path = Move.swift; sourceTree = "<group>"; };
		2267BDF025E75CF700C654E5 /* Times.swift */ = {isa = PBXFileReference; lastKnownFileType = sourcecode.swift; path = Times.swift; sourceTree = "<group>"; };
		22DB4DF825D46491001C632C /* TwoRooks.app */ = {isa = PBXFileReference; explicitFileType = wrapper.application; includeInIndex = 0; path = TwoRooks.app; sourceTree = BUILT_PRODUCTS_DIR; };
		22DB4DFB25D46491001C632C /* TwoRooksApp.swift */ = {isa = PBXFileReference; lastKnownFileType = sourcecode.swift; path = TwoRooksApp.swift; sourceTree = "<group>"; };
		22DB4DFF25D46492001C632C /* Assets.xcassets */ = {isa = PBXFileReference; lastKnownFileType = folder.assetcatalog; path = Assets.xcassets; sourceTree = "<group>"; };
		22DB4E0225D46492001C632C /* Preview Assets.xcassets */ = {isa = PBXFileReference; lastKnownFileType = folder.assetcatalog; path = "Preview Assets.xcassets"; sourceTree = "<group>"; };
		22DB4E0425D46492001C632C /* Info.plist */ = {isa = PBXFileReference; lastKnownFileType = text.plist.xml; path = Info.plist; sourceTree = "<group>"; };
		22DB4E0925D46492001C632C /* TwoRooksTests.xctest */ = {isa = PBXFileReference; explicitFileType = wrapper.cfbundle; includeInIndex = 0; path = TwoRooksTests.xctest; sourceTree = BUILT_PRODUCTS_DIR; };
		22DB4E0D25D46492001C632C /* TwoRooksTests.swift */ = {isa = PBXFileReference; lastKnownFileType = sourcecode.swift; path = TwoRooksTests.swift; sourceTree = "<group>"; };
		22DB4E0F25D46492001C632C /* Info.plist */ = {isa = PBXFileReference; lastKnownFileType = text.plist.xml; path = Info.plist; sourceTree = "<group>"; };
		22DB4E1425D46492001C632C /* TwoRooksUITests.xctest */ = {isa = PBXFileReference; explicitFileType = wrapper.cfbundle; includeInIndex = 0; path = TwoRooksUITests.xctest; sourceTree = BUILT_PRODUCTS_DIR; };
		22DB4E1825D46492001C632C /* TwoRooksUITests.swift */ = {isa = PBXFileReference; lastKnownFileType = sourcecode.swift; path = TwoRooksUITests.swift; sourceTree = "<group>"; };
		22DB4E1A25D46492001C632C /* Info.plist */ = {isa = PBXFileReference; lastKnownFileType = text.plist.xml; path = Info.plist; sourceTree = "<group>"; };
		22DB4E2A25D4A6D9001C632C /* GameKit.framework */ = {isa = PBXFileReference; lastKnownFileType = wrapper.framework; name = GameKit.framework; path = System/Library/Frameworks/GameKit.framework; sourceTree = SDKROOT; };
		22DB4E2F25D4A867001C632C /* GamesView.swift */ = {isa = PBXFileReference; lastKnownFileType = sourcecode.swift; path = GamesView.swift; sourceTree = "<group>"; };
		22DB4E3725D4A893001C632C /* GameView.swift */ = {isa = PBXFileReference; lastKnownFileType = sourcecode.swift; path = GameView.swift; sourceTree = "<group>"; };
		22DB4E4425D4A8DD001C632C /* GameScene.swift */ = {isa = PBXFileReference; lastKnownFileType = sourcecode.swift; path = GameScene.swift; sourceTree = "<group>"; };
		22DB4E5725D4D639001C632C /* Board.swift */ = {isa = PBXFileReference; lastKnownFileType = sourcecode.swift; path = Board.swift; sourceTree = "<group>"; };
		22FB402C25D772810034558B /* Piece.swift */ = {isa = PBXFileReference; lastKnownFileType = sourcecode.swift; path = Piece.swift; sourceTree = "<group>"; };
		22FB403725D8FA7A0034558B /* Square.swift */ = {isa = PBXFileReference; lastKnownFileType = sourcecode.swift; path = Square.swift; sourceTree = "<group>"; };
		22FB404425DDF90B0034558B /* PieceNode.swift */ = {isa = PBXFileReference; lastKnownFileType = sourcecode.swift; path = PieceNode.swift; sourceTree = "<group>"; };
		22FB404925DDF91C0034558B /* SquareNode.swift */ = {isa = PBXFileReference; lastKnownFileType = sourcecode.swift; path = SquareNode.swift; sourceTree = "<group>"; };
		22FB404E25DDF9280034558B /* BoardNode.swift */ = {isa = PBXFileReference; lastKnownFileType = sourcecode.swift; path = BoardNode.swift; sourceTree = "<group>"; };
		22FB406925E027E20034558B /* ImageNode.swift */ = {isa = PBXFileReference; lastKnownFileType = sourcecode.swift; path = ImageNode.swift; sourceTree = "<group>"; };
		22FB407625E2DE170034558B /* Theme.swift */ = {isa = PBXFileReference; lastKnownFileType = sourcecode.swift; path = Theme.swift; sourceTree = "<group>"; };
		22FB407B25E3300D0034558B /* DataManager.swift */ = {isa = PBXFileReference; lastKnownFileType = sourcecode.swift; path = DataManager.swift; sourceTree = "<group>"; };
		22FB408025E337A70034558B /* SettingsView.swift */ = {isa = PBXFileReference; lastKnownFileType = sourcecode.swift; path = SettingsView.swift; sourceTree = "<group>"; };
/* End PBXFileReference section */

/* Begin PBXFrameworksBuildPhase section */
		22DB4DF525D46491001C632C /* Frameworks */ = {
			isa = PBXFrameworksBuildPhase;
			buildActionMask = 2147483647;
			files = (
				22DB4E2B25D4A6D9001C632C /* GameKit.framework in Frameworks */,
			);
			runOnlyForDeploymentPostprocessing = 0;
		};
		22DB4E0625D46492001C632C /* Frameworks */ = {
			isa = PBXFrameworksBuildPhase;
			buildActionMask = 2147483647;
			files = (
			);
			runOnlyForDeploymentPostprocessing = 0;
		};
		22DB4E1125D46492001C632C /* Frameworks */ = {
			isa = PBXFrameworksBuildPhase;
			buildActionMask = 2147483647;
			files = (
			);
			runOnlyForDeploymentPostprocessing = 0;
		};
/* End PBXFrameworksBuildPhase section */

/* Begin PBXGroup section */
		22DB4DEF25D46491001C632C = {
			isa = PBXGroup;
			children = (
				22DB4DFA25D46491001C632C /* TwoRooks */,
				22DB4E0C25D46492001C632C /* TwoRooksTests */,
				22DB4E1725D46492001C632C /* TwoRooksUITests */,
				22DB4DF925D46491001C632C /* Products */,
				22DB4E2925D4A6D9001C632C /* Frameworks */,
			);
			sourceTree = "<group>";
		};
		22DB4DF925D46491001C632C /* Products */ = {
			isa = PBXGroup;
			children = (
				22DB4DF825D46491001C632C /* TwoRooks.app */,
				22DB4E0925D46492001C632C /* TwoRooksTests.xctest */,
				22DB4E1425D46492001C632C /* TwoRooksUITests.xctest */,
			);
			name = Products;
			sourceTree = "<group>";
		};
		22DB4DFA25D46491001C632C /* TwoRooks */ = {
			isa = PBXGroup;
			children = (
				22DB4DFB25D46491001C632C /* TwoRooksApp.swift */,
				22DB4E2F25D4A867001C632C /* GamesView.swift */,
				22FB408025E337A70034558B /* SettingsView.swift */,
				22FB407B25E3300D0034558B /* DataManager.swift */,
				22DB4E3725D4A893001C632C /* GameView.swift */,
				22DB4E4425D4A8DD001C632C /* GameScene.swift */,
				2267BDF025E75CF700C654E5 /* Times.swift */,
				22FB406925E027E20034558B /* ImageNode.swift */,
				2267BDDD25E62D2500C654E5 /* Move.swift */,
				22DB4E5725D4D639001C632C /* Board.swift */,
				22FB403725D8FA7A0034558B /* Square.swift */,
				22FB402C25D772810034558B /* Piece.swift */,
				22FB404425DDF90B0034558B /* PieceNode.swift */,
				22FB404925DDF91C0034558B /* SquareNode.swift */,
				22FB407625E2DE170034558B /* Theme.swift */,
				22FB404E25DDF9280034558B /* BoardNode.swift */,
				22DB4DFF25D46492001C632C /* Assets.xcassets */,
				22DB4E0425D46492001C632C /* Info.plist */,
				22DB4E0125D46492001C632C /* Preview Content */,
			);
			path = TwoRooks;
			sourceTree = "<group>";
		};
		22DB4E0125D46492001C632C /* Preview Content */ = {
			isa = PBXGroup;
			children = (
				22DB4E0225D46492001C632C /* Preview Assets.xcassets */,
			);
			path = "Preview Content";
			sourceTree = "<group>";
		};
		22DB4E0C25D46492001C632C /* TwoRooksTests */ = {
			isa = PBXGroup;
			children = (
				22DB4E0D25D46492001C632C /* TwoRooksTests.swift */,
				22DB4E0F25D46492001C632C /* Info.plist */,
			);
			path = TwoRooksTests;
			sourceTree = "<group>";
		};
		22DB4E1725D46492001C632C /* TwoRooksUITests */ = {
			isa = PBXGroup;
			children = (
				22DB4E1825D46492001C632C /* TwoRooksUITests.swift */,
				22DB4E1A25D46492001C632C /* Info.plist */,
			);
			path = TwoRooksUITests;
			sourceTree = "<group>";
		};
		22DB4E2925D4A6D9001C632C /* Frameworks */ = {
			isa = PBXGroup;
			children = (
				22DB4E2A25D4A6D9001C632C /* GameKit.framework */,
			);
			name = Frameworks;
			sourceTree = "<group>";
		};
/* End PBXGroup section */

/* Begin PBXNativeTarget section */
		22DB4DF725D46491001C632C /* TwoRooks */ = {
			isa = PBXNativeTarget;
			buildConfigurationList = 22DB4E1D25D46492001C632C /* Build configuration list for PBXNativeTarget "TwoRooks" */;
			buildPhases = (
				22DB4DF425D46491001C632C /* Sources */,
				22DB4DF525D46491001C632C /* Frameworks */,
				22DB4DF625D46491001C632C /* Resources */,
			);
			buildRules = (
			);
			dependencies = (
			);
			name = TwoRooks;
			productName = TwoRooks;
			productReference = 22DB4DF825D46491001C632C /* TwoRooks.app */;
			productType = "com.apple.product-type.application";
		};
		22DB4E0825D46492001C632C /* TwoRooksTests */ = {
			isa = PBXNativeTarget;
			buildConfigurationList = 22DB4E2025D46492001C632C /* Build configuration list for PBXNativeTarget "TwoRooksTests" */;
			buildPhases = (
				22DB4E0525D46492001C632C /* Sources */,
				22DB4E0625D46492001C632C /* Frameworks */,
				22DB4E0725D46492001C632C /* Resources */,
			);
			buildRules = (
			);
			dependencies = (
				22DB4E0B25D46492001C632C /* PBXTargetDependency */,
			);
			name = TwoRooksTests;
			productName = TwoRooksTests;
			productReference = 22DB4E0925D46492001C632C /* TwoRooksTests.xctest */;
			productType = "com.apple.product-type.bundle.unit-test";
		};
		22DB4E1325D46492001C632C /* TwoRooksUITests */ = {
			isa = PBXNativeTarget;
			buildConfigurationList = 22DB4E2325D46492001C632C /* Build configuration list for PBXNativeTarget "TwoRooksUITests" */;
			buildPhases = (
				22DB4E1025D46492001C632C /* Sources */,
				22DB4E1125D46492001C632C /* Frameworks */,
				22DB4E1225D46492001C632C /* Resources */,
			);
			buildRules = (
			);
			dependencies = (
				22DB4E1625D46492001C632C /* PBXTargetDependency */,
			);
			name = TwoRooksUITests;
			productName = TwoRooksUITests;
			productReference = 22DB4E1425D46492001C632C /* TwoRooksUITests.xctest */;
			productType = "com.apple.product-type.bundle.ui-testing";
		};
/* End PBXNativeTarget section */

/* Begin PBXProject section */
		22DB4DF025D46491001C632C /* Project object */ = {
			isa = PBXProject;
			attributes = {
				LastSwiftUpdateCheck = 1240;
				LastUpgradeCheck = 1240;
				TargetAttributes = {
					22DB4DF725D46491001C632C = {
						CreatedOnToolsVersion = 12.4;
					};
					22DB4E0825D46492001C632C = {
						CreatedOnToolsVersion = 12.4;
						TestTargetID = 22DB4DF725D46491001C632C;
					};
					22DB4E1325D46492001C632C = {
						CreatedOnToolsVersion = 12.4;
						TestTargetID = 22DB4DF725D46491001C632C;
					};
				};
			};
			buildConfigurationList = 22DB4DF325D46491001C632C /* Build configuration list for PBXProject "TwoRooks" */;
			compatibilityVersion = "Xcode 9.3";
			developmentRegion = en;
			hasScannedForEncodings = 0;
			knownRegions = (
				en,
				Base,
			);
			mainGroup = 22DB4DEF25D46491001C632C;
			productRefGroup = 22DB4DF925D46491001C632C /* Products */;
			projectDirPath = "";
			projectRoot = "";
			targets = (
				22DB4DF725D46491001C632C /* TwoRooks */,
				22DB4E0825D46492001C632C /* TwoRooksTests */,
				22DB4E1325D46492001C632C /* TwoRooksUITests */,
			);
		};
/* End PBXProject section */

/* Begin PBXResourcesBuildPhase section */
		22DB4DF625D46491001C632C /* Resources */ = {
			isa = PBXResourcesBuildPhase;
			buildActionMask = 2147483647;
			files = (
				22DB4E0325D46492001C632C /* Preview Assets.xcassets in Resources */,
				22DB4E0025D46492001C632C /* Assets.xcassets in Resources */,
			);
			runOnlyForDeploymentPostprocessing = 0;
		};
		22DB4E0725D46492001C632C /* Resources */ = {
			isa = PBXResourcesBuildPhase;
			buildActionMask = 2147483647;
			files = (
			);
			runOnlyForDeploymentPostprocessing = 0;
		};
		22DB4E1225D46492001C632C /* Resources */ = {
			isa = PBXResourcesBuildPhase;
			buildActionMask = 2147483647;
			files = (
			);
			runOnlyForDeploymentPostprocessing = 0;
		};
/* End PBXResourcesBuildPhase section */

/* Begin PBXSourcesBuildPhase section */
		22DB4DF425D46491001C632C /* Sources */ = {
			isa = PBXSourcesBuildPhase;
			buildActionMask = 2147483647;
			files = (
				22FB408125E337A70034558B /* SettingsView.swift in Sources */,
				22FB404525DDF90B0034558B /* PieceNode.swift in Sources */,
				22DB4E3025D4A867001C632C /* GamesView.swift in Sources */,
				22DB4E3825D4A893001C632C /* GameView.swift in Sources */,
				22FB407C25E3300D0034558B /* DataManager.swift in Sources */,
				22FB406A25E027E20034558B /* ImageNode.swift in Sources */,
				22FB407725E2DE170034558B /* Theme.swift in Sources */,
				22DB4E5825D4D639001C632C /* Board.swift in Sources */,
				2267BDF125E75CF700C654E5 /* Times.swift in Sources */,
				22FB404A25DDF91C0034558B /* SquareNode.swift in Sources */,
				22FB402D25D772810034558B /* Piece.swift in Sources */,
				22FB404F25DDF9280034558B /* BoardNode.swift in Sources */,
				2267BDDE25E62D2500C654E5 /* Move.swift in Sources */,
				22FB403825D8FA7A0034558B /* Square.swift in Sources */,
				22DB4E4525D4A8DD001C632C /* GameScene.swift in Sources */,
				22DB4DFC25D46491001C632C /* TwoRooksApp.swift in Sources */,
			);
			runOnlyForDeploymentPostprocessing = 0;
		};
		22DB4E0525D46492001C632C /* Sources */ = {
			isa = PBXSourcesBuildPhase;
			buildActionMask = 2147483647;
			files = (
				22DB4E0E25D46492001C632C /* TwoRooksTests.swift in Sources */,
			);
			runOnlyForDeploymentPostprocessing = 0;
		};
		22DB4E1025D46492001C632C /* Sources */ = {
			isa = PBXSourcesBuildPhase;
			buildActionMask = 2147483647;
			files = (
				22DB4E1925D46492001C632C /* TwoRooksUITests.swift in Sources */,
			);
			runOnlyForDeploymentPostprocessing = 0;
		};
/* End PBXSourcesBuildPhase section */

/* Begin PBXTargetDependency section */
		22DB4E0B25D46492001C632C /* PBXTargetDependency */ = {
			isa = PBXTargetDependency;
			target = 22DB4DF725D46491001C632C /* TwoRooks */;
			targetProxy = 22DB4E0A25D46492001C632C /* PBXContainerItemProxy */;
		};
		22DB4E1625D46492001C632C /* PBXTargetDependency */ = {
			isa = PBXTargetDependency;
			target = 22DB4DF725D46491001C632C /* TwoRooks */;
			targetProxy = 22DB4E1525D46492001C632C /* PBXContainerItemProxy */;
		};
/* End PBXTargetDependency section */

/* Begin XCBuildConfiguration section */
		22DB4E1B25D46492001C632C /* Debug */ = {
			isa = XCBuildConfiguration;
			buildSettings = {
				ALWAYS_SEARCH_USER_PATHS = NO;
				CLANG_ANALYZER_NONNULL = YES;
				CLANG_ANALYZER_NUMBER_OBJECT_CONVERSION = YES_AGGRESSIVE;
				CLANG_CXX_LANGUAGE_STANDARD = "gnu++14";
				CLANG_CXX_LIBRARY = "libc++";
				CLANG_ENABLE_MODULES = YES;
				CLANG_ENABLE_OBJC_ARC = YES;
				CLANG_ENABLE_OBJC_WEAK = YES;
				CLANG_WARN_BLOCK_CAPTURE_AUTORELEASING = YES;
				CLANG_WARN_BOOL_CONVERSION = YES;
				CLANG_WARN_COMMA = YES;
				CLANG_WARN_CONSTANT_CONVERSION = YES;
				CLANG_WARN_DEPRECATED_OBJC_IMPLEMENTATIONS = YES;
				CLANG_WARN_DIRECT_OBJC_ISA_USAGE = YES_ERROR;
				CLANG_WARN_DOCUMENTATION_COMMENTS = YES;
				CLANG_WARN_EMPTY_BODY = YES;
				CLANG_WARN_ENUM_CONVERSION = YES;
				CLANG_WARN_INFINITE_RECURSION = YES;
				CLANG_WARN_INT_CONVERSION = YES;
				CLANG_WARN_NON_LITERAL_NULL_CONVERSION = YES;
				CLANG_WARN_OBJC_IMPLICIT_RETAIN_SELF = YES;
				CLANG_WARN_OBJC_LITERAL_CONVERSION = YES;
				CLANG_WARN_OBJC_ROOT_CLASS = YES_ERROR;
				CLANG_WARN_QUOTED_INCLUDE_IN_FRAMEWORK_HEADER = YES;
				CLANG_WARN_RANGE_LOOP_ANALYSIS = YES;
				CLANG_WARN_STRICT_PROTOTYPES = YES;
				CLANG_WARN_SUSPICIOUS_MOVE = YES;
				CLANG_WARN_UNGUARDED_AVAILABILITY = YES_AGGRESSIVE;
				CLANG_WARN_UNREACHABLE_CODE = YES;
				CLANG_WARN__DUPLICATE_METHOD_MATCH = YES;
				COPY_PHASE_STRIP = NO;
				DEBUG_INFORMATION_FORMAT = dwarf;
				ENABLE_STRICT_OBJC_MSGSEND = YES;
				ENABLE_TESTABILITY = YES;
				GCC_C_LANGUAGE_STANDARD = gnu11;
				GCC_DYNAMIC_NO_PIC = NO;
				GCC_NO_COMMON_BLOCKS = YES;
				GCC_OPTIMIZATION_LEVEL = 0;
				GCC_PREPROCESSOR_DEFINITIONS = (
					"DEBUG=1",
					"$(inherited)",
				);
				GCC_WARN_64_TO_32_BIT_CONVERSION = YES;
				GCC_WARN_ABOUT_RETURN_TYPE = YES_ERROR;
				GCC_WARN_UNDECLARED_SELECTOR = YES;
				GCC_WARN_UNINITIALIZED_AUTOS = YES_AGGRESSIVE;
				GCC_WARN_UNUSED_FUNCTION = YES;
				GCC_WARN_UNUSED_VARIABLE = YES;
				IPHONEOS_DEPLOYMENT_TARGET = 14.4;
				MTL_ENABLE_DEBUG_INFO = INCLUDE_SOURCE;
				MTL_FAST_MATH = YES;
				ONLY_ACTIVE_ARCH = YES;
				SDKROOT = iphoneos;
				SWIFT_ACTIVE_COMPILATION_CONDITIONS = DEBUG;
				SWIFT_OPTIMIZATION_LEVEL = "-Onone";
			};
			name = Debug;
		};
		22DB4E1C25D46492001C632C /* Release */ = {
			isa = XCBuildConfiguration;
			buildSettings = {
				ALWAYS_SEARCH_USER_PATHS = NO;
				CLANG_ANALYZER_NONNULL = YES;
				CLANG_ANALYZER_NUMBER_OBJECT_CONVERSION = YES_AGGRESSIVE;
				CLANG_CXX_LANGUAGE_STANDARD = "gnu++14";
				CLANG_CXX_LIBRARY = "libc++";
				CLANG_ENABLE_MODULES = YES;
				CLANG_ENABLE_OBJC_ARC = YES;
				CLANG_ENABLE_OBJC_WEAK = YES;
				CLANG_WARN_BLOCK_CAPTURE_AUTORELEASING = YES;
				CLANG_WARN_BOOL_CONVERSION = YES;
				CLANG_WARN_COMMA = YES;
				CLANG_WARN_CONSTANT_CONVERSION = YES;
				CLANG_WARN_DEPRECATED_OBJC_IMPLEMENTATIONS = YES;
				CLANG_WARN_DIRECT_OBJC_ISA_USAGE = YES_ERROR;
				CLANG_WARN_DOCUMENTATION_COMMENTS = YES;
				CLANG_WARN_EMPTY_BODY = YES;
				CLANG_WARN_ENUM_CONVERSION = YES;
				CLANG_WARN_INFINITE_RECURSION = YES;
				CLANG_WARN_INT_CONVERSION = YES;
				CLANG_WARN_NON_LITERAL_NULL_CONVERSION = YES;
				CLANG_WARN_OBJC_IMPLICIT_RETAIN_SELF = YES;
				CLANG_WARN_OBJC_LITERAL_CONVERSION = YES;
				CLANG_WARN_OBJC_ROOT_CLASS = YES_ERROR;
				CLANG_WARN_QUOTED_INCLUDE_IN_FRAMEWORK_HEADER = YES;
				CLANG_WARN_RANGE_LOOP_ANALYSIS = YES;
				CLANG_WARN_STRICT_PROTOTYPES = YES;
				CLANG_WARN_SUSPICIOUS_MOVE = YES;
				CLANG_WARN_UNGUARDED_AVAILABILITY = YES_AGGRESSIVE;
				CLANG_WARN_UNREACHABLE_CODE = YES;
				CLANG_WARN__DUPLICATE_METHOD_MATCH = YES;
				COPY_PHASE_STRIP = NO;
				DEBUG_INFORMATION_FORMAT = "dwarf-with-dsym";
				ENABLE_NS_ASSERTIONS = NO;
				ENABLE_STRICT_OBJC_MSGSEND = YES;
				GCC_C_LANGUAGE_STANDARD = gnu11;
				GCC_NO_COMMON_BLOCKS = YES;
				GCC_WARN_64_TO_32_BIT_CONVERSION = YES;
				GCC_WARN_ABOUT_RETURN_TYPE = YES_ERROR;
				GCC_WARN_UNDECLARED_SELECTOR = YES;
				GCC_WARN_UNINITIALIZED_AUTOS = YES_AGGRESSIVE;
				GCC_WARN_UNUSED_FUNCTION = YES;
				GCC_WARN_UNUSED_VARIABLE = YES;
				IPHONEOS_DEPLOYMENT_TARGET = 14.4;
				MTL_ENABLE_DEBUG_INFO = NO;
				MTL_FAST_MATH = YES;
				SDKROOT = iphoneos;
				SWIFT_COMPILATION_MODE = wholemodule;
				SWIFT_OPTIMIZATION_LEVEL = "-O";
				VALIDATE_PRODUCT = YES;
			};
			name = Release;
		};
		22DB4E1E25D46492001C632C /* Debug */ = {
			isa = XCBuildConfiguration;
			buildSettings = {
				ASSETCATALOG_COMPILER_APPICON_NAME = AppIcon;
				ASSETCATALOG_COMPILER_GLOBAL_ACCENT_COLOR_NAME = AccentColor;
				CODE_SIGN_STYLE = Automatic;
				DEVELOPMENT_ASSET_PATHS = "\"TwoRooks/Preview Content\"";
				DEVELOPMENT_TEAM = J8P6BA4WGF;
				ENABLE_PREVIEWS = YES;
				INFOPLIST_FILE = TwoRooks/Info.plist;
				IPHONEOS_DEPLOYMENT_TARGET = 14.0;
				LD_RUNPATH_SEARCH_PATHS = (
					"$(inherited)",
					"@executable_path/Frameworks",
				);
				MARKETING_VERSION = 1.3.0;
				PRODUCT_BUNDLE_IDENTIFIER = com.sammcb.TwoRooks;
				PRODUCT_NAME = "$(TARGET_NAME)";
				SWIFT_VERSION = 5.0;
				TARGETED_DEVICE_FAMILY = "1,2";
			};
			name = Debug;
		};
		22DB4E1F25D46492001C632C /* Release */ = {
			isa = XCBuildConfiguration;
			buildSettings = {
				ASSETCATALOG_COMPILER_APPICON_NAME = AppIcon;
				ASSETCATALOG_COMPILER_GLOBAL_ACCENT_COLOR_NAME = AccentColor;
				CODE_SIGN_STYLE = Automatic;
				DEVELOPMENT_ASSET_PATHS = "\"TwoRooks/Preview Content\"";
				DEVELOPMENT_TEAM = J8P6BA4WGF;
				ENABLE_PREVIEWS = YES;
				INFOPLIST_FILE = TwoRooks/Info.plist;
				IPHONEOS_DEPLOYMENT_TARGET = 14.0;
				LD_RUNPATH_SEARCH_PATHS = (
					"$(inherited)",
					"@executable_path/Frameworks",
				);
				MARKETING_VERSION = 1.3.0;
				PRODUCT_BUNDLE_IDENTIFIER = com.sammcb.TwoRooks;
				PRODUCT_NAME = "$(TARGET_NAME)";
				SWIFT_VERSION = 5.0;
				TARGETED_DEVICE_FAMILY = "1,2";
			};
			name = Release;
		};
		22DB4E2125D46492001C632C /* Debug */ = {
			isa = XCBuildConfiguration;
			buildSettings = {
				ALWAYS_EMBED_SWIFT_STANDARD_LIBRARIES = YES;
				BUNDLE_LOADER = "$(TEST_HOST)";
				CODE_SIGN_STYLE = Automatic;
				DEVELOPMENT_TEAM = J8P6BA4WGF;
				INFOPLIST_FILE = TwoRooksTests/Info.plist;
				IPHONEOS_DEPLOYMENT_TARGET = 14.0;
				LD_RUNPATH_SEARCH_PATHS = (
					"$(inherited)",
					"@executable_path/Frameworks",
					"@loader_path/Frameworks",
				);
				PRODUCT_BUNDLE_IDENTIFIER = com.sammcb.TwoRooksTests;
				PRODUCT_NAME = "$(TARGET_NAME)";
				SWIFT_VERSION = 5.0;
				TARGETED_DEVICE_FAMILY = "1,2";
				TEST_HOST = "$(BUILT_PRODUCTS_DIR)/TwoRooks.app/TwoRooks";
			};
			name = Debug;
		};
		22DB4E2225D46492001C632C /* Release */ = {
			isa = XCBuildConfiguration;
			buildSettings = {
				ALWAYS_EMBED_SWIFT_STANDARD_LIBRARIES = YES;
				BUNDLE_LOADER = "$(TEST_HOST)";
				CODE_SIGN_STYLE = Automatic;
				DEVELOPMENT_TEAM = J8P6BA4WGF;
				INFOPLIST_FILE = TwoRooksTests/Info.plist;
				IPHONEOS_DEPLOYMENT_TARGET = 14.0;
				LD_RUNPATH_SEARCH_PATHS = (
					"$(inherited)",
					"@executable_path/Frameworks",
					"@loader_path/Frameworks",
				);
				PRODUCT_BUNDLE_IDENTIFIER = com.sammcb.TwoRooksTests;
				PRODUCT_NAME = "$(TARGET_NAME)";
				SWIFT_VERSION = 5.0;
				TARGETED_DEVICE_FAMILY = "1,2";
				TEST_HOST = "$(BUILT_PRODUCTS_DIR)/TwoRooks.app/TwoRooks";
			};
			name = Release;
		};
		22DB4E2425D46492001C632C /* Debug */ = {
			isa = XCBuildConfiguration;
			buildSettings = {
				ALWAYS_EMBED_SWIFT_STANDARD_LIBRARIES = YES;
				CODE_SIGN_STYLE = Automatic;
				DEVELOPMENT_TEAM = J8P6BA4WGF;
				INFOPLIST_FILE = TwoRooksUITests/Info.plist;
				LD_RUNPATH_SEARCH_PATHS = (
					"$(inherited)",
					"@executable_path/Frameworks",
					"@loader_path/Frameworks",
				);
				PRODUCT_BUNDLE_IDENTIFIER = com.sammcb.TwoRooksUITests;
				PRODUCT_NAME = "$(TARGET_NAME)";
				SWIFT_VERSION = 5.0;
				TARGETED_DEVICE_FAMILY = "1,2";
				TEST_TARGET_NAME = TwoRooks;
			};
			name = Debug;
		};
		22DB4E2525D46492001C632C /* Release */ = {
			isa = XCBuildConfiguration;
			buildSettings = {
				ALWAYS_EMBED_SWIFT_STANDARD_LIBRARIES = YES;
				CODE_SIGN_STYLE = Automatic;
				DEVELOPMENT_TEAM = J8P6BA4WGF;
				INFOPLIST_FILE = TwoRooksUITests/Info.plist;
				LD_RUNPATH_SEARCH_PATHS = (
					"$(inherited)",
					"@executable_path/Frameworks",
					"@loader_path/Frameworks",
				);
				PRODUCT_BUNDLE_IDENTIFIER = com.sammcb.TwoRooksUITests;
				PRODUCT_NAME = "$(TARGET_NAME)";
				SWIFT_VERSION = 5.0;
				TARGETED_DEVICE_FAMILY = "1,2";
				TEST_TARGET_NAME = TwoRooks;
			};
			name = Release;
		};
/* End XCBuildConfiguration section */

/* Begin XCConfigurationList section */
		22DB4DF325D46491001C632C /* Build configuration list for PBXProject "TwoRooks" */ = {
			isa = XCConfigurationList;
			buildConfigurations = (
				22DB4E1B25D46492001C632C /* Debug */,
				22DB4E1C25D46492001C632C /* Release */,
			);
			defaultConfigurationIsVisible = 0;
			defaultConfigurationName = Release;
		};
		22DB4E1D25D46492001C632C /* Build configuration list for PBXNativeTarget "TwoRooks" */ = {
			isa = XCConfigurationList;
			buildConfigurations = (
				22DB4E1E25D46492001C632C /* Debug */,
				22DB4E1F25D46492001C632C /* Release */,
			);
			defaultConfigurationIsVisible = 0;
			defaultConfigurationName = Release;
		};
		22DB4E2025D46492001C632C /* Build configuration list for PBXNativeTarget "TwoRooksTests" */ = {
			isa = XCConfigurationList;
			buildConfigurations = (
				22DB4E2125D46492001C632C /* Debug */,
				22DB4E2225D46492001C632C /* Release */,
			);
			defaultConfigurationIsVisible = 0;
			defaultConfigurationName = Release;
		};
		22DB4E2325D46492001C632C /* Build configuration list for PBXNativeTarget "TwoRooksUITests" */ = {
			isa = XCConfigurationList;
			buildConfigurations = (
				22DB4E2425D46492001C632C /* Debug */,
				22DB4E2525D46492001C632C /* Release */,
			);
			defaultConfigurationIsVisible = 0;
			defaultConfigurationName = Release;
		};
/* End XCConfigurationList section */
	};
	rootObject = 22DB4DF025D46491001C632C /* Project object */;
}
